PODS:
  - Chatto (3.1.0)
  - ChattoAdditions (3.1.0):
    - Chatto

DEPENDENCIES:
  - Chatto (from `https://github.com/badoo/Chatto`, branch `master`)
  - ChattoAdditions (from `https://github.com/badoo/Chatto`, branch `master`)

EXTERNAL SOURCES:
  Chatto:
    :branch: master
    :git: https://github.com/badoo/Chatto
  ChattoAdditions:
    :branch: master
    :git: https://github.com/badoo/Chatto

CHECKOUT OPTIONS:
  Chatto:
    :commit: 9945b5c5abf517877e69d1949c1b70f1da2ae358
    :git: https://github.com/badoo/Chatto
  ChattoAdditions:
    :commit: 9945b5c5abf517877e69d1949c1b70f1da2ae358
    :git: https://github.com/badoo/Chatto

SPEC CHECKSUMS:
  Chatto: dc39056aed56fcababb857affd8152606afb2b5a
  ChattoAdditions: 4f54c932c08488fca0a85f211094276f03f4ee60

PODFILE CHECKSUM: cacd8866ec849f9c2a483c9bc35c0f8e9d46608f

COCOAPODS: 1.3.1
