// !$*UTF8*$!
{
	archiveVersion = 1;
	classes = {
	};
	objectVersion = 48;
	objects = {

/* Begin PBXBuildFile section */
		05D6BD3CC5E187951D6873E9 /* Pods_Watson_Tomorrow.framework in Frameworks */ = {isa = PBXBuildFile; fileRef = 9E863BC36D969182F905BFE7 /* Pods_Watson_Tomorrow.framework */; };
		772DBC691F89778D0099558C /* AppDelegate.swift in Sources */ = {isa = PBXBuildFile; fileRef = 772DBC681F89778D0099558C /* AppDelegate.swift */; };
		772DBC6B1F89778D0099558C /* TalkVC.swift in Sources */ = {isa = PBXBuildFile; fileRef = 772DBC6A1F89778D0099558C /* TalkVC.swift */; };
		772DBC6E1F89778D0099558C /* Main.storyboard in Resources */ = {isa = PBXBuildFile; fileRef = 772DBC6C1F89778D0099558C /* Main.storyboard */; };
		772DBC701F89778D0099558C /* Assets.xcassets in Resources */ = {isa = PBXBuildFile; fileRef = 772DBC6F1F89778D0099558C /* Assets.xcassets */; };
		772DBC731F89778D0099558C /* LaunchScreen.storyboard in Resources */ = {isa = PBXBuildFile; fileRef = 772DBC711F89778D0099558C /* LaunchScreen.storyboard */; };
		772DBC881F8998D90099558C /* Credentials.swift in Sources */ = {isa = PBXBuildFile; fileRef = 772DBC871F8998D90099558C /* Credentials.swift */; };
		772DBC8C1F89A0E70099558C /* RestKit.framework in Frameworks */ = {isa = PBXBuildFile; fileRef = 772DBC811F897AC60099558C /* RestKit.framework */; };
		772DBC8D1F89A0F20099558C /* TextToSpeechV1.framework in Frameworks */ = {isa = PBXBuildFile; fileRef = 772DBC7B1F897A970099558C /* TextToSpeechV1.framework */; };
		772DBC8E1F89A0F50099558C /* SpeechToTextV1.framework in Frameworks */ = {isa = PBXBuildFile; fileRef = 772DBC7D1F897AA30099558C /* SpeechToTextV1.framework */; };
		772DBC8F1F89A0FB0099558C /* PersonalityInsightsV3.framework in Frameworks */ = {isa = PBXBuildFile; fileRef = 772DBC7F1F897ABB0099558C /* PersonalityInsightsV3.framework */; };
		772DBC901F89A10A0099558C /* ToneAnalyzerV3.framework in Frameworks */ = {isa = PBXBuildFile; fileRef = 772DBC851F89970F0099558C /* ToneAnalyzerV3.framework */; };
		772DBC921F89A1230099558C /* NaturalLanguageClassifierV1.framework in Frameworks */ = {isa = PBXBuildFile; fileRef = 772DBC911F89A1230099558C /* NaturalLanguageClassifierV1.framework */; };
		772DBC951F89A6AE0099558C /* ReplyLabel.swift in Sources */ = {isa = PBXBuildFile; fileRef = 772DBC941F89A6AE0099558C /* ReplyLabel.swift */; };
		772DBC9B1F89F1E20099558C /* ConversationV1.framework in Frameworks */ = {isa = PBXBuildFile; fileRef = 772DBC831F897BF20099558C /* ConversationV1.framework */; };
		772DBCA61F89F7000099558C /* TextMessages.swift in Sources */ = {isa = PBXBuildFile; fileRef = 772DBCA51F89F7000099558C /* TextMessages.swift */; };
		772DBCA91F89F8390099558C /* ChatProtocols.swift in Sources */ = {isa = PBXBuildFile; fileRef = 772DBCA81F89F8390099558C /* ChatProtocols.swift */; };
		772DBCAB1F89FB470099558C /* TextHandler.swift in Sources */ = {isa = PBXBuildFile; fileRef = 772DBCAA1F89FB470099558C /* TextHandler.swift */; };
		772DBCAD1F89FC180099558C /* ChatCellStyle.swift in Sources */ = {isa = PBXBuildFile; fileRef = 772DBCAC1F89FC180099558C /* ChatCellStyle.swift */; };
		772DBCAF1F89FEB30099558C /* ChatDataSource.swift in Sources */ = {isa = PBXBuildFile; fileRef = 772DBCAE1F89FEB30099558C /* ChatDataSource.swift */; };
		772DBCB21F8A01920099558C /* WatsonManager.swift in Sources */ = {isa = PBXBuildFile; fileRef = 772DBCB11F8A01920099558C /* WatsonManager.swift */; };
		772DBCB41F8A24AB0099558C /* ChatItemDecorator.swift in Sources */ = {isa = PBXBuildFile; fileRef = 772DBCB31F8A24AB0099558C /* ChatItemDecorator.swift */; };
		772DBCB61F8A2F740099558C /* USBankManager.swift in Sources */ = {isa = PBXBuildFile; fileRef = 772DBCB51F8A2F740099558C /* USBankManager.swift */; };
		772DBCC11F8A31590099558C /* DataManager.swift in Sources */ = {isa = PBXBuildFile; fileRef = 772DBCC01F8A31590099558C /* DataManager.swift */; };
		772DBCC31F8A33B10099558C /* Constants.swift in Sources */ = {isa = PBXBuildFile; fileRef = 772DBCC21F8A33B10099558C /* Constants.swift */; };
		772DBCC51F8A388E0099558C /* BankAccount.swift in Sources */ = {isa = PBXBuildFile; fileRef = 772DBCC41F8A388E0099558C /* BankAccount.swift */; };
		772DBCCA1F8A4A830099558C /* mcc_codes.json in Resources */ = {isa = PBXBuildFile; fileRef = 772DBCC81F8A47560099558C /* mcc_codes.json */; };
		772DBCCC1F8A4CB20099558C /* MerchantCode.swift in Sources */ = {isa = PBXBuildFile; fileRef = 772DBCCB1F8A4CB20099558C /* MerchantCode.swift */; };
		772DBCCE1F8A507F0099558C /* Transaction.swift in Sources */ = {isa = PBXBuildFile; fileRef = 772DBCCD1F8A507F0099558C /* Transaction.swift */; };
		772DBCD01F8A53610099558C /* Extensions.swift in Sources */ = {isa = PBXBuildFile; fileRef = 772DBCCF1F8A53610099558C /* Extensions.swift */; };
		77B10C3F1F8A79B4004DFECC /* DashboardVC.swift in Sources */ = {isa = PBXBuildFile; fileRef = 77B10C3E1F8A79B4004DFECC /* DashboardVC.swift */; };
		77B10C411F8A79C9004DFECC /* ProfileVC.swift in Sources */ = {isa = PBXBuildFile; fileRef = 77B10C401F8A79C9004DFECC /* ProfileVC.swift */; };
		77B10C451F8AAA5E004DFECC /* TalkButton.swift in Sources */ = {isa = PBXBuildFile; fileRef = 77B10C441F8AAA5E004DFECC /* TalkButton.swift */; };
/* End PBXBuildFile section */

/* Begin PBXFileReference section */
		3CFFB18BC1E12E8D52150AEE /* Pods-Watson-Tomorrow.release.xcconfig */ = {isa = PBXFileReference; includeInIndex = 1; lastKnownFileType = text.xcconfig; name = "Pods-Watson-Tomorrow.release.xcconfig"; path = "Pods/Target Support Files/Pods-Watson-Tomorrow/Pods-Watson-Tomorrow.release.xcconfig"; sourceTree = "<group>"; };
		772DBC651F89778D0099558C /* Watson-Tomorrow.app */ = {isa = PBXFileReference; explicitFileType = wrapper.application; includeInIndex = 0; path = "Watson-Tomorrow.app"; sourceTree = BUILT_PRODUCTS_DIR; };
		772DBC681F89778D0099558C /* AppDelegate.swift */ = {isa = PBXFileReference; lastKnownFileType = sourcecode.swift; path = AppDelegate.swift; sourceTree = "<group>"; };
		772DBC6A1F89778D0099558C /* TalkVC.swift */ = {isa = PBXFileReference; lastKnownFileType = sourcecode.swift; path = TalkVC.swift; sourceTree = "<group>"; };
		772DBC6D1F89778D0099558C /* Base */ = {isa = PBXFileReference; lastKnownFileType = file.storyboard; name = Base; path = Base.lproj/Main.storyboard; sourceTree = "<group>"; };
		772DBC6F1F89778D0099558C /* Assets.xcassets */ = {isa = PBXFileReference; lastKnownFileType = folder.assetcatalog; path = Assets.xcassets; sourceTree = "<group>"; };
		772DBC721F89778D0099558C /* Base */ = {isa = PBXFileReference; lastKnownFileType = file.storyboard; name = Base; path = Base.lproj/LaunchScreen.storyboard; sourceTree = "<group>"; };
		772DBC741F89778D0099558C /* Info.plist */ = {isa = PBXFileReference; lastKnownFileType = text.plist.xml; path = Info.plist; sourceTree = "<group>"; };
		772DBC7B1F897A970099558C /* TextToSpeechV1.framework */ = {isa = PBXFileReference; lastKnownFileType = wrapper.framework; name = TextToSpeechV1.framework; path = Carthage/Build/iOS/TextToSpeechV1.framework; sourceTree = "<group>"; };
		772DBC7D1F897AA30099558C /* SpeechToTextV1.framework */ = {isa = PBXFileReference; lastKnownFileType = wrapper.framework; name = SpeechToTextV1.framework; path = Carthage/Build/iOS/SpeechToTextV1.framework; sourceTree = "<group>"; };
		772DBC7F1F897ABB0099558C /* PersonalityInsightsV3.framework */ = {isa = PBXFileReference; lastKnownFileType = wrapper.framework; name = PersonalityInsightsV3.framework; path = Carthage/Build/iOS/PersonalityInsightsV3.framework; sourceTree = "<group>"; };
		772DBC811F897AC60099558C /* RestKit.framework */ = {isa = PBXFileReference; lastKnownFileType = wrapper.framework; name = RestKit.framework; path = Carthage/Build/iOS/RestKit.framework; sourceTree = "<group>"; };
		772DBC831F897BF20099558C /* ConversationV1.framework */ = {isa = PBXFileReference; lastKnownFileType = wrapper.framework; name = ConversationV1.framework; path = Carthage/Build/iOS/ConversationV1.framework; sourceTree = "<group>"; };
		772DBC851F89970F0099558C /* ToneAnalyzerV3.framework */ = {isa = PBXFileReference; lastKnownFileType = wrapper.framework; name = ToneAnalyzerV3.framework; path = Carthage/Build/iOS/ToneAnalyzerV3.framework; sourceTree = "<group>"; };
		772DBC871F8998D90099558C /* Credentials.swift */ = {isa = PBXFileReference; lastKnownFileType = sourcecode.swift; path = Credentials.swift; sourceTree = "<group>"; };
		772DBC911F89A1230099558C /* NaturalLanguageClassifierV1.framework */ = {isa = PBXFileReference; lastKnownFileType = wrapper.framework; name = NaturalLanguageClassifierV1.framework; path = Carthage/Build/iOS/NaturalLanguageClassifierV1.framework; sourceTree = "<group>"; };
		772DBC941F89A6AE0099558C /* ReplyLabel.swift */ = {isa = PBXFileReference; lastKnownFileType = sourcecode.swift; path = ReplyLabel.swift; sourceTree = "<group>"; };
		772DBCA51F89F7000099558C /* TextMessages.swift */ = {isa = PBXFileReference; lastKnownFileType = sourcecode.swift; path = TextMessages.swift; sourceTree = "<group>"; };
		772DBCA81F89F8390099558C /* ChatProtocols.swift */ = {isa = PBXFileReference; lastKnownFileType = sourcecode.swift; path = ChatProtocols.swift; sourceTree = "<group>"; };
		772DBCAA1F89FB470099558C /* TextHandler.swift */ = {isa = PBXFileReference; lastKnownFileType = sourcecode.swift; path = TextHandler.swift; sourceTree = "<group>"; };
		772DBCAC1F89FC180099558C /* ChatCellStyle.swift */ = {isa = PBXFileReference; lastKnownFileType = sourcecode.swift; path = ChatCellStyle.swift; sourceTree = "<group>"; };
		772DBCAE1F89FEB30099558C /* ChatDataSource.swift */ = {isa = PBXFileReference; lastKnownFileType = sourcecode.swift; path = ChatDataSource.swift; sourceTree = "<group>"; };
		772DBCB11F8A01920099558C /* WatsonManager.swift */ = {isa = PBXFileReference; lastKnownFileType = sourcecode.swift; path = WatsonManager.swift; sourceTree = "<group>"; };
		772DBCB31F8A24AB0099558C /* ChatItemDecorator.swift */ = {isa = PBXFileReference; lastKnownFileType = sourcecode.swift; path = ChatItemDecorator.swift; sourceTree = "<group>"; };
		772DBCB51F8A2F740099558C /* USBankManager.swift */ = {isa = PBXFileReference; lastKnownFileType = sourcecode.swift; path = USBankManager.swift; sourceTree = "<group>"; };
		772DBCC01F8A31590099558C /* DataManager.swift */ = {isa = PBXFileReference; lastKnownFileType = sourcecode.swift; path = DataManager.swift; sourceTree = "<group>"; };
		772DBCC21F8A33B10099558C /* Constants.swift */ = {isa = PBXFileReference; lastKnownFileType = sourcecode.swift; path = Constants.swift; sourceTree = "<group>"; };
		772DBCC41F8A388E0099558C /* BankAccount.swift */ = {isa = PBXFileReference; lastKnownFileType = sourcecode.swift; path = BankAccount.swift; sourceTree = "<group>"; };
		772DBCC81F8A47560099558C /* mcc_codes.json */ = {isa = PBXFileReference; lastKnownFileType = text.json; path = mcc_codes.json; sourceTree = "<group>"; };
		772DBCCB1F8A4CB20099558C /* MerchantCode.swift */ = {isa = PBXFileReference; lastKnownFileType = sourcecode.swift; path = MerchantCode.swift; sourceTree = "<group>"; };
		772DBCCD1F8A507F0099558C /* Transaction.swift */ = {isa = PBXFileReference; lastKnownFileType = sourcecode.swift; path = Transaction.swift; sourceTree = "<group>"; };
		772DBCCF1F8A53610099558C /* Extensions.swift */ = {isa = PBXFileReference; lastKnownFileType = sourcecode.swift; path = Extensions.swift; sourceTree = "<group>"; };
		77B10C3E1F8A79B4004DFECC /* DashboardVC.swift */ = {isa = PBXFileReference; lastKnownFileType = sourcecode.swift; path = DashboardVC.swift; sourceTree = "<group>"; };
		77B10C401F8A79C9004DFECC /* ProfileVC.swift */ = {isa = PBXFileReference; lastKnownFileType = sourcecode.swift; path = ProfileVC.swift; sourceTree = "<group>"; };
		77B10C441F8AAA5E004DFECC /* TalkButton.swift */ = {isa = PBXFileReference; lastKnownFileType = sourcecode.swift; path = TalkButton.swift; sourceTree = "<group>"; };
		9E863BC36D969182F905BFE7 /* Pods_Watson_Tomorrow.framework */ = {isa = PBXFileReference; explicitFileType = wrapper.framework; includeInIndex = 0; path = Pods_Watson_Tomorrow.framework; sourceTree = BUILT_PRODUCTS_DIR; };
		A9A75764C15EFFDAF1E08718 /* Pods-Watson-Tomorrow.debug.xcconfig */ = {isa = PBXFileReference; includeInIndex = 1; lastKnownFileType = text.xcconfig; name = "Pods-Watson-Tomorrow.debug.xcconfig"; path = "Pods/Target Support Files/Pods-Watson-Tomorrow/Pods-Watson-Tomorrow.debug.xcconfig"; sourceTree = "<group>"; };
/* End PBXFileReference section */

/* Begin PBXFrameworksBuildPhase section */
		772DBC621F89778D0099558C /* Frameworks */ = {
			isa = PBXFrameworksBuildPhase;
			buildActionMask = 2147483647;
			files = (
				772DBC9B1F89F1E20099558C /* ConversationV1.framework in Frameworks */,
				772DBC8C1F89A0E70099558C /* RestKit.framework in Frameworks */,
				772DBC8D1F89A0F20099558C /* TextToSpeechV1.framework in Frameworks */,
				772DBC8E1F89A0F50099558C /* SpeechToTextV1.framework in Frameworks */,
				772DBC901F89A10A0099558C /* ToneAnalyzerV3.framework in Frameworks */,
				772DBC8F1F89A0FB0099558C /* PersonalityInsightsV3.framework in Frameworks */,
				772DBC921F89A1230099558C /* NaturalLanguageClassifierV1.framework in Frameworks */,
				05D6BD3CC5E187951D6873E9 /* Pods_Watson_Tomorrow.framework in Frameworks */,
			);
			runOnlyForDeploymentPostprocessing = 0;
		};
/* End PBXFrameworksBuildPhase section */

/* Begin PBXGroup section */
		772DBC5C1F89778D0099558C = {
			isa = PBXGroup;
			children = (
				772DBC671F89778D0099558C /* Watson-Tomorrow */,
				772DBC661F89778D0099558C /* Products */,
				772DBC7A1F897A960099558C /* Frameworks */,
				9CB0DE90ACAC8C4E315EFC36 /* Pods */,
			);
			sourceTree = "<group>";
		};
		772DBC661F89778D0099558C /* Products */ = {
			isa = PBXGroup;
			children = (
				772DBC651F89778D0099558C /* Watson-Tomorrow.app */,
			);
			name = Products;
			sourceTree = "<group>";
		};
		772DBC671F89778D0099558C /* Watson-Tomorrow */ = {
			isa = PBXGroup;
			children = (
				772DBCB01F8A01890099558C /* Managers */,
				772DBC931F89A6940099558C /* View */,
				772DBCA71F89F7130099558C /* Chatto */,
				772DBCBD1F8A30020099558C /* Model */,
				77B10C421F8A79D5004DFECC /* ViewControllers */,
				77B10C431F8A79EB004DFECC /* Utils */,
				772DBC681F89778D0099558C /* AppDelegate.swift */,
				772DBC6C1F89778D0099558C /* Main.storyboard */,
				772DBC6F1F89778D0099558C /* Assets.xcassets */,
				772DBC711F89778D0099558C /* LaunchScreen.storyboard */,
				772DBC741F89778D0099558C /* Info.plist */,
			);
			path = "Watson-Tomorrow";
			sourceTree = "<group>";
		};
		772DBC7A1F897A960099558C /* Frameworks */ = {
			isa = PBXGroup;
			children = (
				772DBC911F89A1230099558C /* NaturalLanguageClassifierV1.framework */,
				772DBC851F89970F0099558C /* ToneAnalyzerV3.framework */,
				772DBC831F897BF20099558C /* ConversationV1.framework */,
				772DBC811F897AC60099558C /* RestKit.framework */,
				772DBC7F1F897ABB0099558C /* PersonalityInsightsV3.framework */,
				772DBC7D1F897AA30099558C /* SpeechToTextV1.framework */,
				772DBC7B1F897A970099558C /* TextToSpeechV1.framework */,
				9E863BC36D969182F905BFE7 /* Pods_Watson_Tomorrow.framework */,
			);
			name = Frameworks;
			sourceTree = "<group>";
		};
		772DBC931F89A6940099558C /* View */ = {
			isa = PBXGroup;
			children = (
				772DBC941F89A6AE0099558C /* ReplyLabel.swift */,
				77B10C441F8AAA5E004DFECC /* TalkButton.swift */,
			);
			path = View;
			sourceTree = "<group>";
		};
		772DBCA71F89F7130099558C /* Chatto */ = {
			isa = PBXGroup;
			children = (
				772DBCAA1F89FB470099558C /* TextHandler.swift */,
				772DBCA51F89F7000099558C /* TextMessages.swift */,
				772DBCAC1F89FC180099558C /* ChatCellStyle.swift */,
				772DBCA81F89F8390099558C /* ChatProtocols.swift */,
				772DBCAE1F89FEB30099558C /* ChatDataSource.swift */,
				772DBCB31F8A24AB0099558C /* ChatItemDecorator.swift */,
			);
			path = Chatto;
			sourceTree = "<group>";
		};
		772DBCB01F8A01890099558C /* Managers */ = {
			isa = PBXGroup;
			children = (
				772DBCB11F8A01920099558C /* WatsonManager.swift */,
				772DBCC01F8A31590099558C /* DataManager.swift */,
				772DBCB51F8A2F740099558C /* USBankManager.swift */,
			);
			path = Managers;
			sourceTree = "<group>";
		};
		772DBCBD1F8A30020099558C /* Model */ = {
			isa = PBXGroup;
			children = (
				772DBCC41F8A388E0099558C /* BankAccount.swift */,
				772DBCCB1F8A4CB20099558C /* MerchantCode.swift */,
				772DBCCD1F8A507F0099558C /* Transaction.swift */,
			);
			path = Model;
			sourceTree = "<group>";
		};
		77B10C421F8A79D5004DFECC /* ViewControllers */ = {
			isa = PBXGroup;
			children = (
				772DBC6A1F89778D0099558C /* TalkVC.swift */,
				77B10C3E1F8A79B4004DFECC /* DashboardVC.swift */,
				77B10C401F8A79C9004DFECC /* ProfileVC.swift */,
			);
			path = ViewControllers;
			sourceTree = "<group>";
		};
		77B10C431F8A79EB004DFECC /* Utils */ = {
			isa = PBXGroup;
			children = (
				772DBC871F8998D90099558C /* Credentials.swift */,
				772DBCC81F8A47560099558C /* mcc_codes.json */,
				772DBCC21F8A33B10099558C /* Constants.swift */,
				772DBCCF1F8A53610099558C /* Extensions.swift */,
			);
			path = Utils;
			sourceTree = "<group>";
		};
		9CB0DE90ACAC8C4E315EFC36 /* Pods */ = {
			isa = PBXGroup;
			children = (
				A9A75764C15EFFDAF1E08718 /* Pods-Watson-Tomorrow.debug.xcconfig */,
				3CFFB18BC1E12E8D52150AEE /* Pods-Watson-Tomorrow.release.xcconfig */,
			);
			name = Pods;
			sourceTree = "<group>";
		};
/* End PBXGroup section */

/* Begin PBXNativeTarget section */
		772DBC641F89778D0099558C /* Watson-Tomorrow */ = {
			isa = PBXNativeTarget;
			buildConfigurationList = 772DBC771F89778D0099558C /* Build configuration list for PBXNativeTarget "Watson-Tomorrow" */;
			buildPhases = (
				DB1B51D29F5098C0FCE1F46C /* [CP] Check Pods Manifest.lock */,
				772DBC611F89778D0099558C /* Sources */,
				772DBC621F89778D0099558C /* Frameworks */,
				772DBC631F89778D0099558C /* Resources */,
				772DBC8B1F89A0420099558C /* ShellScript */,
				735185D4CC3CD754E921AC59 /* [CP] Embed Pods Frameworks */,
				86EB3A1B8DECC02D43FA5A71 /* [CP] Copy Pods Resources */,
			);
			buildRules = (
			);
			dependencies = (
			);
			name = "Watson-Tomorrow";
			productName = "Watson-Tomorrow";
			productReference = 772DBC651F89778D0099558C /* Watson-Tomorrow.app */;
			productType = "com.apple.product-type.application";
		};
/* End PBXNativeTarget section */

/* Begin PBXProject section */
		772DBC5D1F89778D0099558C /* Project object */ = {
			isa = PBXProject;
			attributes = {
				LastSwiftUpdateCheck = 0900;
				LastUpgradeCheck = 0900;
				ORGANIZATIONNAME = "Leon Mak";
				TargetAttributes = {
					772DBC641F89778D0099558C = {
						CreatedOnToolsVersion = 9.0;
						ProvisioningStyle = Automatic;
					};
				};
			};
			buildConfigurationList = 772DBC601F89778D0099558C /* Build configuration list for PBXProject "Watson-Tomorrow" */;
			compatibilityVersion = "Xcode 8.0";
			developmentRegion = en;
			hasScannedForEncodings = 0;
			knownRegions = (
				en,
				Base,
			);
			mainGroup = 772DBC5C1F89778D0099558C;
			productRefGroup = 772DBC661F89778D0099558C /* Products */;
			projectDirPath = "";
			projectRoot = "";
			targets = (
				772DBC641F89778D0099558C /* Watson-Tomorrow */,
			);
		};
/* End PBXProject section */

/* Begin PBXResourcesBuildPhase section */
		772DBC631F89778D0099558C /* Resources */ = {
			isa = PBXResourcesBuildPhase;
			buildActionMask = 2147483647;
			files = (
				772DBCCA1F8A4A830099558C /* mcc_codes.json in Resources */,
				772DBC731F89778D0099558C /* LaunchScreen.storyboard in Resources */,
				772DBC701F89778D0099558C /* Assets.xcassets in Resources */,
				772DBC6E1F89778D0099558C /* Main.storyboard in Resources */,
			);
			runOnlyForDeploymentPostprocessing = 0;
		};
/* End PBXResourcesBuildPhase section */

/* Begin PBXShellScriptBuildPhase section */
		735185D4CC3CD754E921AC59 /* [CP] Embed Pods Frameworks */ = {
			isa = PBXShellScriptBuildPhase;
			buildActionMask = 12;
			files = (
			);
			inputPaths = (
				"${SRCROOT}/Pods/Target Support Files/Pods-Watson-Tomorrow/Pods-Watson-Tomorrow-frameworks.sh",
				"${BUILT_PRODUCTS_DIR}/Alamofire/Alamofire.framework",
				"${BUILT_PRODUCTS_DIR}/Chatto/Chatto.framework",
				"${BUILT_PRODUCTS_DIR}/ChattoAdditions/ChattoAdditions.framework",
			);
			name = "[CP] Embed Pods Frameworks";
			outputPaths = (
				"${TARGET_BUILD_DIR}/${FRAMEWORKS_FOLDER_PATH}/Alamofire.framework",
				"${TARGET_BUILD_DIR}/${FRAMEWORKS_FOLDER_PATH}/Chatto.framework",
				"${TARGET_BUILD_DIR}/${FRAMEWORKS_FOLDER_PATH}/ChattoAdditions.framework",
			);
			runOnlyForDeploymentPostprocessing = 0;
			shellPath = /bin/sh;
			shellScript = "\"${SRCROOT}/Pods/Target Support Files/Pods-Watson-Tomorrow/Pods-Watson-Tomorrow-frameworks.sh\"\n";
			showEnvVarsInLog = 0;
		};
		772DBC8B1F89A0420099558C /* ShellScript */ = {
			isa = PBXShellScriptBuildPhase;
			buildActionMask = 2147483647;
			files = (
			);
			inputPaths = (
				"$(SRCROOT)/Carthage/Build/iOS/RestKit.framework",
				"$(SRCROOT)/Carthage/Build/iOS/NaturalLanguageClassifierV1.framework",
				"$(SRCROOT)/Carthage/Build/iOS/SpeechToTextV1.framework",
				"$(SRCROOT)/Carthage/Build/iOS/TextToSpeechV1.framework",
				"$(SRCROOT)/Carthage/Build/iOS/ToneAnalyzerV3.framework",
				"$(SRCROOT)/Carthage/Build/iOS/PersonalityInsightsV3.framework",
				"$(SRCROOT)/Carthage/Build/iOS/ConversationV1.framework",
			);
			outputPaths = (
			);
			runOnlyForDeploymentPostprocessing = 0;
			shellPath = /bin/sh;
			shellScript = "/usr/local/bin/carthage copy-frameworks\n";
		};
		86EB3A1B8DECC02D43FA5A71 /* [CP] Copy Pods Resources */ = {
			isa = PBXShellScriptBuildPhase;
			buildActionMask = 2147483647;
			files = (
			);
			inputPaths = (
			);
			name = "[CP] Copy Pods Resources";
			outputPaths = (
			);
			runOnlyForDeploymentPostprocessing = 0;
			shellPath = /bin/sh;
			shellScript = "\"${SRCROOT}/Pods/Target Support Files/Pods-Watson-Tomorrow/Pods-Watson-Tomorrow-resources.sh\"\n";
			showEnvVarsInLog = 0;
		};
		DB1B51D29F5098C0FCE1F46C /* [CP] Check Pods Manifest.lock */ = {
			isa = PBXShellScriptBuildPhase;
			buildActionMask = 2147483647;
			files = (
			);
			inputPaths = (
				"${PODS_PODFILE_DIR_PATH}/Podfile.lock",
				"${PODS_ROOT}/Manifest.lock",
			);
			name = "[CP] Check Pods Manifest.lock";
			outputPaths = (
				"$(DERIVED_FILE_DIR)/Pods-Watson-Tomorrow-checkManifestLockResult.txt",
			);
			runOnlyForDeploymentPostprocessing = 0;
			shellPath = /bin/sh;
			shellScript = "diff \"${PODS_PODFILE_DIR_PATH}/Podfile.lock\" \"${PODS_ROOT}/Manifest.lock\" > /dev/null\nif [ $? != 0 ] ; then\n    # print error to STDERR\n    echo \"error: The sandbox is not in sync with the Podfile.lock. Run 'pod install' or update your CocoaPods installation.\" >&2\n    exit 1\nfi\n# This output is used by Xcode 'outputs' to avoid re-running this script phase.\necho \"SUCCESS\" > \"${SCRIPT_OUTPUT_FILE_0}\"\n";
			showEnvVarsInLog = 0;
		};
/* End PBXShellScriptBuildPhase section */

/* Begin PBXSourcesBuildPhase section */
		772DBC611F89778D0099558C /* Sources */ = {
			isa = PBXSourcesBuildPhase;
			buildActionMask = 2147483647;
			files = (
				77B10C411F8A79C9004DFECC /* ProfileVC.swift in Sources */,
				772DBC6B1F89778D0099558C /* TalkVC.swift in Sources */,
				772DBCD01F8A53610099558C /* Extensions.swift in Sources */,
				772DBCAF1F89FEB30099558C /* ChatDataSource.swift in Sources */,
				77B10C451F8AAA5E004DFECC /* TalkButton.swift in Sources */,
				772DBCAD1F89FC180099558C /* ChatCellStyle.swift in Sources */,
				772DBCA91F89F8390099558C /* ChatProtocols.swift in Sources */,
				772DBC691F89778D0099558C /* AppDelegate.swift in Sources */,
				772DBCC11F8A31590099558C /* DataManager.swift in Sources */,
				772DBCCE1F8A507F0099558C /* Transaction.swift in Sources */,
				772DBCB41F8A24AB0099558C /* ChatItemDecorator.swift in Sources */,
				77B10C3F1F8A79B4004DFECC /* DashboardVC.swift in Sources */,
				772DBCC51F8A388E0099558C /* BankAccount.swift in Sources */,
				772DBCB21F8A01920099558C /* WatsonManager.swift in Sources */,
				772DBCA61F89F7000099558C /* TextMessages.swift in Sources */,
				772DBCCC1F8A4CB20099558C /* MerchantCode.swift in Sources */,
				772DBC881F8998D90099558C /* Credentials.swift in Sources */,
				772DBCB61F8A2F740099558C /* USBankManager.swift in Sources */,
				772DBCC31F8A33B10099558C /* Constants.swift in Sources */,
				772DBC951F89A6AE0099558C /* ReplyLabel.swift in Sources */,
				772DBCAB1F89FB470099558C /* TextHandler.swift in Sources */,
			);
			runOnlyForDeploymentPostprocessing = 0;
		};
/* End PBXSourcesBuildPhase section */

/* Begin PBXVariantGroup section */
		772DBC6C1F89778D0099558C /* Main.storyboard */ = {
			isa = PBXVariantGroup;
			children = (
				772DBC6D1F89778D0099558C /* Base */,
			);
			name = Main.storyboard;
			sourceTree = "<group>";
		};
		772DBC711F89778D0099558C /* LaunchScreen.storyboard */ = {
			isa = PBXVariantGroup;
			children = (
				772DBC721F89778D0099558C /* Base */,
			);
			name = LaunchScreen.storyboard;
			sourceTree = "<group>";
		};
/* End PBXVariantGroup section */

/* Begin XCBuildConfiguration section */
		772DBC751F89778D0099558C /* Debug */ = {
			isa = XCBuildConfiguration;
			buildSettings = {
				ALWAYS_SEARCH_USER_PATHS = NO;
				CLANG_ANALYZER_NONNULL = YES;
				CLANG_ANALYZER_NUMBER_OBJECT_CONVERSION = YES_AGGRESSIVE;
				CLANG_CXX_LANGUAGE_STANDARD = "gnu++14";
				CLANG_CXX_LIBRARY = "libc++";
				CLANG_ENABLE_MODULES = YES;
				CLANG_ENABLE_OBJC_ARC = YES;
				CLANG_WARN_BLOCK_CAPTURE_AUTORELEASING = YES;
				CLANG_WARN_BOOL_CONVERSION = YES;
				CLANG_WARN_COMMA = YES;
				CLANG_WARN_CONSTANT_CONVERSION = YES;
				CLANG_WARN_DIRECT_OBJC_ISA_USAGE = YES_ERROR;
				CLANG_WARN_DOCUMENTATION_COMMENTS = YES;
				CLANG_WARN_EMPTY_BODY = YES;
				CLANG_WARN_ENUM_CONVERSION = YES;
				CLANG_WARN_INFINITE_RECURSION = YES;
				CLANG_WARN_INT_CONVERSION = YES;
				CLANG_WARN_NON_LITERAL_NULL_CONVERSION = YES;
				CLANG_WARN_OBJC_LITERAL_CONVERSION = YES;
				CLANG_WARN_OBJC_ROOT_CLASS = YES_ERROR;
				CLANG_WARN_RANGE_LOOP_ANALYSIS = YES;
				CLANG_WARN_STRICT_PROTOTYPES = YES;
				CLANG_WARN_SUSPICIOUS_MOVE = YES;
				CLANG_WARN_UNGUARDED_AVAILABILITY = YES_AGGRESSIVE;
				CLANG_WARN_UNREACHABLE_CODE = YES;
				CLANG_WARN__DUPLICATE_METHOD_MATCH = YES;
				CODE_SIGN_IDENTITY = "iPhone Developer";
				COPY_PHASE_STRIP = NO;
				DEBUG_INFORMATION_FORMAT = dwarf;
				ENABLE_STRICT_OBJC_MSGSEND = YES;
				ENABLE_TESTABILITY = YES;
				GCC_C_LANGUAGE_STANDARD = gnu11;
				GCC_DYNAMIC_NO_PIC = NO;
				GCC_NO_COMMON_BLOCKS = YES;
				GCC_OPTIMIZATION_LEVEL = 0;
				GCC_PREPROCESSOR_DEFINITIONS = (
					"DEBUG=1",
					"$(inherited)",
				);
				GCC_WARN_64_TO_32_BIT_CONVERSION = YES;
				GCC_WARN_ABOUT_RETURN_TYPE = YES_ERROR;
				GCC_WARN_UNDECLARED_SELECTOR = YES;
				GCC_WARN_UNINITIALIZED_AUTOS = YES_AGGRESSIVE;
				GCC_WARN_UNUSED_FUNCTION = YES;
				GCC_WARN_UNUSED_VARIABLE = YES;
				IPHONEOS_DEPLOYMENT_TARGET = 11.0;
				MTL_ENABLE_DEBUG_INFO = YES;
				ONLY_ACTIVE_ARCH = YES;
				SDKROOT = iphoneos;
				SWIFT_ACTIVE_COMPILATION_CONDITIONS = DEBUG;
				SWIFT_OPTIMIZATION_LEVEL = "-Onone";
			};
			name = Debug;
		};
		772DBC761F89778D0099558C /* Release */ = {
			isa = XCBuildConfiguration;
			buildSettings = {
				ALWAYS_SEARCH_USER_PATHS = NO;
				CLANG_ANALYZER_NONNULL = YES;
				CLANG_ANALYZER_NUMBER_OBJECT_CONVERSION = YES_AGGRESSIVE;
				CLANG_CXX_LANGUAGE_STANDARD = "gnu++14";
				CLANG_CXX_LIBRARY = "libc++";
				CLANG_ENABLE_MODULES = YES;
				CLANG_ENABLE_OBJC_ARC = YES;
				CLANG_WARN_BLOCK_CAPTURE_AUTORELEASING = YES;
				CLANG_WARN_BOOL_CONVERSION = YES;
				CLANG_WARN_COMMA = YES;
				CLANG_WARN_CONSTANT_CONVERSION = YES;
				CLANG_WARN_DIRECT_OBJC_ISA_USAGE = YES_ERROR;
				CLANG_WARN_DOCUMENTATION_COMMENTS = YES;
				CLANG_WARN_EMPTY_BODY = YES;
				CLANG_WARN_ENUM_CONVERSION = YES;
				CLANG_WARN_INFINITE_RECURSION = YES;
				CLANG_WARN_INT_CONVERSION = YES;
				CLANG_WARN_NON_LITERAL_NULL_CONVERSION = YES;
				CLANG_WARN_OBJC_LITERAL_CONVERSION = YES;
				CLANG_WARN_OBJC_ROOT_CLASS = YES_ERROR;
				CLANG_WARN_RANGE_LOOP_ANALYSIS = YES;
				CLANG_WARN_STRICT_PROTOTYPES = YES;
				CLANG_WARN_SUSPICIOUS_MOVE = YES;
				CLANG_WARN_UNGUARDED_AVAILABILITY = YES_AGGRESSIVE;
				CLANG_WARN_UNREACHABLE_CODE = YES;
				CLANG_WARN__DUPLICATE_METHOD_MATCH = YES;
				CODE_SIGN_IDENTITY = "iPhone Developer";
				COPY_PHASE_STRIP = NO;
				DEBUG_INFORMATION_FORMAT = "dwarf-with-dsym";
				ENABLE_NS_ASSERTIONS = NO;
				ENABLE_STRICT_OBJC_MSGSEND = YES;
				GCC_C_LANGUAGE_STANDARD = gnu11;
				GCC_NO_COMMON_BLOCKS = YES;
				GCC_WARN_64_TO_32_BIT_CONVERSION = YES;
				GCC_WARN_ABOUT_RETURN_TYPE = YES_ERROR;
				GCC_WARN_UNDECLARED_SELECTOR = YES;
				GCC_WARN_UNINITIALIZED_AUTOS = YES_AGGRESSIVE;
				GCC_WARN_UNUSED_FUNCTION = YES;
				GCC_WARN_UNUSED_VARIABLE = YES;
				IPHONEOS_DEPLOYMENT_TARGET = 11.0;
				MTL_ENABLE_DEBUG_INFO = NO;
				SDKROOT = iphoneos;
				SWIFT_OPTIMIZATION_LEVEL = "-Owholemodule";
				VALIDATE_PRODUCT = YES;
			};
			name = Release;
		};
		772DBC781F89778D0099558C /* Debug */ = {
			isa = XCBuildConfiguration;
			baseConfigurationReference = A9A75764C15EFFDAF1E08718 /* Pods-Watson-Tomorrow.debug.xcconfig */;
			buildSettings = {
				ALWAYS_EMBED_SWIFT_STANDARD_LIBRARIES = YES;
				ASSETCATALOG_COMPILER_APPICON_NAME = AppIcon;
				CODE_SIGN_STYLE = Automatic;
				DEVELOPMENT_TEAM = 8GMX3JSSQ7;
				FRAMEWORK_SEARCH_PATHS = (
					"$(inherited)",
					"$(PROJECT_DIR)/Carthage/Build/iOS",
				);
				INFOPLIST_FILE = "Watson-Tomorrow/Info.plist";
				LD_RUNPATH_SEARCH_PATHS = "$(inherited) @executable_path/Frameworks";
				PRODUCT_BUNDLE_IDENTIFIER = "Maklemak.Watson-Tomorrow";
				PRODUCT_NAME = "$(TARGET_NAME)";
				SWIFT_VERSION = 4.0;
				TARGETED_DEVICE_FAMILY = "1,2";
			};
			name = Debug;
		};
		772DBC791F89778D0099558C /* Release */ = {
			isa = XCBuildConfiguration;
			baseConfigurationReference = 3CFFB18BC1E12E8D52150AEE /* Pods-Watson-Tomorrow.release.xcconfig */;
			buildSettings = {
				ALWAYS_EMBED_SWIFT_STANDARD_LIBRARIES = YES;
				ASSETCATALOG_COMPILER_APPICON_NAME = AppIcon;
				CODE_SIGN_STYLE = Automatic;
				DEVELOPMENT_TEAM = 8GMX3JSSQ7;
				FRAMEWORK_SEARCH_PATHS = (
					"$(inherited)",
					"$(PROJECT_DIR)/Carthage/Build/iOS",
				);
				INFOPLIST_FILE = "Watson-Tomorrow/Info.plist";
				LD_RUNPATH_SEARCH_PATHS = "$(inherited) @executable_path/Frameworks";
				PRODUCT_BUNDLE_IDENTIFIER = "Maklemak.Watson-Tomorrow";
				PRODUCT_NAME = "$(TARGET_NAME)";
				SWIFT_VERSION = 4.0;
				TARGETED_DEVICE_FAMILY = "1,2";
			};
			name = Release;
		};
/* End XCBuildConfiguration section */

/* Begin XCConfigurationList section */
		772DBC601F89778D0099558C /* Build configuration list for PBXProject "Watson-Tomorrow" */ = {
			isa = XCConfigurationList;
			buildConfigurations = (
				772DBC751F89778D0099558C /* Debug */,
				772DBC761F89778D0099558C /* Release */,
			);
			defaultConfigurationIsVisible = 0;
			defaultConfigurationName = Release;
		};
		772DBC771F89778D0099558C /* Build configuration list for PBXNativeTarget "Watson-Tomorrow" */ = {
			isa = XCConfigurationList;
			buildConfigurations = (
				772DBC781F89778D0099558C /* Debug */,
				772DBC791F89778D0099558C /* Release */,
			);
			defaultConfigurationIsVisible = 0;
			defaultConfigurationName = Release;
		};
/* End XCConfigurationList section */
	};
	rootObject = 772DBC5D1F89778D0099558C /* Project object */;
}
