// !$*UTF8*$!
{
	archiveVersion = 1;
	classes = {
	};
	objectVersion = 48;
	objects = {

/* Begin PBXBuildFile section */
		772DBC691F89778D0099558C /* AppDelegate.swift in Sources */ = {isa = PBXBuildFile; fileRef = 772DBC681F89778D0099558C /* AppDelegate.swift */; };
		772DBC6B1F89778D0099558C /* TalkVC.swift in Sources */ = {isa = PBXBuildFile; fileRef = 772DBC6A1F89778D0099558C /* TalkVC.swift */; };
		772DBC6E1F89778D0099558C /* Main.storyboard in Resources */ = {isa = PBXBuildFile; fileRef = 772DBC6C1F89778D0099558C /* Main.storyboard */; };
		772DBC701F89778D0099558C /* Assets.xcassets in Resources */ = {isa = PBXBuildFile; fileRef = 772DBC6F1F89778D0099558C /* Assets.xcassets */; };
		772DBC731F89778D0099558C /* LaunchScreen.storyboard in Resources */ = {isa = PBXBuildFile; fileRef = 772DBC711F89778D0099558C /* LaunchScreen.storyboard */; };
		772DBC881F8998D90099558C /* Credentials.swift in Sources */ = {isa = PBXBuildFile; fileRef = 772DBC871F8998D90099558C /* Credentials.swift */; };
		772DBC8C1F89A0E70099558C /* RestKit.framework in Frameworks */ = {isa = PBXBuildFile; fileRef = 772DBC811F897AC60099558C /* RestKit.framework */; };
		772DBC8D1F89A0F20099558C /* TextToSpeechV1.framework in Frameworks */ = {isa = PBXBuildFile; fileRef = 772DBC7B1F897A970099558C /* TextToSpeechV1.framework */; };
		772DBC8E1F89A0F50099558C /* SpeechToTextV1.framework in Frameworks */ = {isa = PBXBuildFile; fileRef = 772DBC7D1F897AA30099558C /* SpeechToTextV1.framework */; };
		772DBC8F1F89A0FB0099558C /* PersonalityInsightsV3.framework in Frameworks */ = {isa = PBXBuildFile; fileRef = 772DBC7F1F897ABB0099558C /* PersonalityInsightsV3.framework */; };
		772DBC901F89A10A0099558C /* ToneAnalyzerV3.framework in Frameworks */ = {isa = PBXBuildFile; fileRef = 772DBC851F89970F0099558C /* ToneAnalyzerV3.framework */; };
		772DBC921F89A1230099558C /* NaturalLanguageClassifierV1.framework in Frameworks */ = {isa = PBXBuildFile; fileRef = 772DBC911F89A1230099558C /* NaturalLanguageClassifierV1.framework */; };
/* End PBXBuildFile section */

/* Begin PBXFileReference section */
		772DBC651F89778D0099558C /* Watson-Tomorrow.app */ = {isa = PBXFileReference; explicitFileType = wrapper.application; includeInIndex = 0; path = "Watson-Tomorrow.app"; sourceTree = BUILT_PRODUCTS_DIR; };
		772DBC681F89778D0099558C /* AppDelegate.swift */ = {isa = PBXFileReference; lastKnownFileType = sourcecode.swift; path = AppDelegate.swift; sourceTree = "<group>"; };
		772DBC6A1F89778D0099558C /* TalkVC.swift */ = {isa = PBXFileReference; lastKnownFileType = sourcecode.swift; path = TalkVC.swift; sourceTree = "<group>"; };
		772DBC6D1F89778D0099558C /* Base */ = {isa = PBXFileReference; lastKnownFileType = file.storyboard; name = Base; path = Base.lproj/Main.storyboard; sourceTree = "<group>"; };
		772DBC6F1F89778D0099558C /* Assets.xcassets */ = {isa = PBXFileReference; lastKnownFileType = folder.assetcatalog; path = Assets.xcassets; sourceTree = "<group>"; };
		772DBC721F89778D0099558C /* Base */ = {isa = PBXFileReference; lastKnownFileType = file.storyboard; name = Base; path = Base.lproj/LaunchScreen.storyboard; sourceTree = "<group>"; };
		772DBC741F89778D0099558C /* Info.plist */ = {isa = PBXFileReference; lastKnownFileType = text.plist.xml; path = Info.plist; sourceTree = "<group>"; };
		772DBC7B1F897A970099558C /* TextToSpeechV1.framework */ = {isa = PBXFileReference; lastKnownFileType = wrapper.framework; name = TextToSpeechV1.framework; path = Carthage/Build/iOS/TextToSpeechV1.framework; sourceTree = "<group>"; };
		772DBC7D1F897AA30099558C /* SpeechToTextV1.framework */ = {isa = PBXFileReference; lastKnownFileType = wrapper.framework; name = SpeechToTextV1.framework; path = Carthage/Build/iOS/SpeechToTextV1.framework; sourceTree = "<group>"; };
		772DBC7F1F897ABB0099558C /* PersonalityInsightsV3.framework */ = {isa = PBXFileReference; lastKnownFileType = wrapper.framework; name = PersonalityInsightsV3.framework; path = Carthage/Build/iOS/PersonalityInsightsV3.framework; sourceTree = "<group>"; };
		772DBC811F897AC60099558C /* RestKit.framework */ = {isa = PBXFileReference; lastKnownFileType = wrapper.framework; name = RestKit.framework; path = Carthage/Build/iOS/RestKit.framework; sourceTree = "<group>"; };
		772DBC831F897BF20099558C /* ConversationV1.framework */ = {isa = PBXFileReference; lastKnownFileType = wrapper.framework; name = ConversationV1.framework; path = Carthage/Build/iOS/ConversationV1.framework; sourceTree = "<group>"; };
		772DBC851F89970F0099558C /* ToneAnalyzerV3.framework */ = {isa = PBXFileReference; lastKnownFileType = wrapper.framework; name = ToneAnalyzerV3.framework; path = Carthage/Build/iOS/ToneAnalyzerV3.framework; sourceTree = "<group>"; };
		772DBC871F8998D90099558C /* Credentials.swift */ = {isa = PBXFileReference; lastKnownFileType = sourcecode.swift; path = Credentials.swift; sourceTree = "<group>"; };
		772DBC911F89A1230099558C /* NaturalLanguageClassifierV1.framework */ = {isa = PBXFileReference; lastKnownFileType = wrapper.framework; name = NaturalLanguageClassifierV1.framework; path = Carthage/Build/iOS/NaturalLanguageClassifierV1.framework; sourceTree = "<group>"; };
/* End PBXFileReference section */

/* Begin PBXFrameworksBuildPhase section */
		772DBC621F89778D0099558C /* Frameworks */ = {
			isa = PBXFrameworksBuildPhase;
			buildActionMask = 2147483647;
			files = (
				772DBC8C1F89A0E70099558C /* RestKit.framework in Frameworks */,
				772DBC8D1F89A0F20099558C /* TextToSpeechV1.framework in Frameworks */,
				772DBC8E1F89A0F50099558C /* SpeechToTextV1.framework in Frameworks */,
				772DBC901F89A10A0099558C /* ToneAnalyzerV3.framework in Frameworks */,
				772DBC8F1F89A0FB0099558C /* PersonalityInsightsV3.framework in Frameworks */,
				772DBC921F89A1230099558C /* NaturalLanguageClassifierV1.framework in Frameworks */,
			);
			runOnlyForDeploymentPostprocessing = 0;
		};
/* End PBXFrameworksBuildPhase section */

/* Begin PBXGroup section */
		772DBC5C1F89778D0099558C = {
			isa = PBXGroup;
			children = (
				772DBC671F89778D0099558C /* Watson-Tomorrow */,
				772DBC661F89778D0099558C /* Products */,
				772DBC7A1F897A960099558C /* Frameworks */,
			);
			sourceTree = "<group>";
		};
		772DBC661F89778D0099558C /* Products */ = {
			isa = PBXGroup;
			children = (
				772DBC651F89778D0099558C /* Watson-Tomorrow.app */,
			);
			name = Products;
			sourceTree = "<group>";
		};
		772DBC671F89778D0099558C /* Watson-Tomorrow */ = {
			isa = PBXGroup;
			children = (
				772DBC681F89778D0099558C /* AppDelegate.swift */,
				772DBC6A1F89778D0099558C /* TalkVC.swift */,
				772DBC871F8998D90099558C /* Credentials.swift */,
				772DBC6C1F89778D0099558C /* Main.storyboard */,
				772DBC6F1F89778D0099558C /* Assets.xcassets */,
				772DBC711F89778D0099558C /* LaunchScreen.storyboard */,
				772DBC741F89778D0099558C /* Info.plist */,
			);
			path = "Watson-Tomorrow";
			sourceTree = "<group>";
		};
		772DBC7A1F897A960099558C /* Frameworks */ = {
			isa = PBXGroup;
			children = (
				772DBC911F89A1230099558C /* NaturalLanguageClassifierV1.framework */,
				772DBC851F89970F0099558C /* ToneAnalyzerV3.framework */,
				772DBC831F897BF20099558C /* ConversationV1.framework */,
				772DBC811F897AC60099558C /* RestKit.framework */,
				772DBC7F1F897ABB0099558C /* PersonalityInsightsV3.framework */,
				772DBC7D1F897AA30099558C /* SpeechToTextV1.framework */,
				772DBC7B1F897A970099558C /* TextToSpeechV1.framework */,
			);
			name = Frameworks;
			sourceTree = "<group>";
		};
/* End PBXGroup section */

/* Begin PBXNativeTarget section */
		772DBC641F89778D0099558C /* Watson-Tomorrow */ = {
			isa = PBXNativeTarget;
			buildConfigurationList = 772DBC771F89778D0099558C /* Build configuration list for PBXNativeTarget "Watson-Tomorrow" */;
			buildPhases = (
				772DBC611F89778D0099558C /* Sources */,
				772DBC621F89778D0099558C /* Frameworks */,
				772DBC631F89778D0099558C /* Resources */,
				772DBC8B1F89A0420099558C /* ShellScript */,
			);
			buildRules = (
			);
			dependencies = (
			);
			name = "Watson-Tomorrow";
			productName = "Watson-Tomorrow";
			productReference = 772DBC651F89778D0099558C /* Watson-Tomorrow.app */;
			productType = "com.apple.product-type.application";
		};
/* End PBXNativeTarget section */

/* Begin PBXProject section */
		772DBC5D1F89778D0099558C /* Project object */ = {
			isa = PBXProject;
			attributes = {
				LastSwiftUpdateCheck = 0900;
				LastUpgradeCheck = 0900;
				ORGANIZATIONNAME = "Leon Mak";
				TargetAttributes = {
					772DBC641F89778D0099558C = {
						CreatedOnToolsVersion = 9.0;
						ProvisioningStyle = Automatic;
					};
				};
			};
			buildConfigurationList = 772DBC601F89778D0099558C /* Build configuration list for PBXProject "Watson-Tomorrow" */;
			compatibilityVersion = "Xcode 8.0";
			developmentRegion = en;
			hasScannedForEncodings = 0;
			knownRegions = (
				en,
				Base,
			);
			mainGroup = 772DBC5C1F89778D0099558C;
			productRefGroup = 772DBC661F89778D0099558C /* Products */;
			projectDirPath = "";
			projectRoot = "";
			targets = (
				772DBC641F89778D0099558C /* Watson-Tomorrow */,
			);
		};
/* End PBXProject section */

/* Begin PBXResourcesBuildPhase section */
		772DBC631F89778D0099558C /* Resources */ = {
			isa = PBXResourcesBuildPhase;
			buildActionMask = 2147483647;
			files = (
				772DBC731F89778D0099558C /* LaunchScreen.storyboard in Resources */,
				772DBC701F89778D0099558C /* Assets.xcassets in Resources */,
				772DBC6E1F89778D0099558C /* Main.storyboard in Resources */,
			);
			runOnlyForDeploymentPostprocessing = 0;
		};
/* End PBXResourcesBuildPhase section */

/* Begin PBXShellScriptBuildPhase section */
		772DBC8B1F89A0420099558C /* ShellScript */ = {
			isa = PBXShellScriptBuildPhase;
			buildActionMask = 2147483647;
			files = (
			);
			inputPaths = (
				"$(SRCROOT)/Carthage/Build/iOS/RestKit.framework",
				"$(SRCROOT)/Carthage/Build/iOS/NaturalLanguageClassifierV1.framework",
				"$(SRCROOT)/Carthage/Build/iOS/SpeechToTextV1.framework",
				"$(SRCROOT)/Carthage/Build/iOS/TextToSpeechV1.framework",
				"$(SRCROOT)/Carthage/Build/iOS/ToneAnalyzerV3.framework",
				"$(SRCROOT)/Carthage/Build/iOS/PersonalityInsightsV3.framework",
			);
			outputPaths = (
			);
			runOnlyForDeploymentPostprocessing = 0;
			shellPath = /bin/sh;
			shellScript = "/usr/local/bin/carthage copy-frameworks\n";
		};
/* End PBXShellScriptBuildPhase section */

/* Begin PBXSourcesBuildPhase section */
		772DBC611F89778D0099558C /* Sources */ = {
			isa = PBXSourcesBuildPhase;
			buildActionMask = 2147483647;
			files = (
				772DBC6B1F89778D0099558C /* TalkVC.swift in Sources */,
				772DBC691F89778D0099558C /* AppDelegate.swift in Sources */,
				772DBC881F8998D90099558C /* Credentials.swift in Sources */,
			);
			runOnlyForDeploymentPostprocessing = 0;
		};
/* End PBXSourcesBuildPhase section */

/* Begin PBXVariantGroup section */
		772DBC6C1F89778D0099558C /* Main.storyboard */ = {
			isa = PBXVariantGroup;
			children = (
				772DBC6D1F89778D0099558C /* Base */,
			);
			name = Main.storyboard;
			sourceTree = "<group>";
		};
		772DBC711F89778D0099558C /* LaunchScreen.storyboard */ = {
			isa = PBXVariantGroup;
			children = (
				772DBC721F89778D0099558C /* Base */,
			);
			name = LaunchScreen.storyboard;
			sourceTree = "<group>";
		};
/* End PBXVariantGroup section */

/* Begin XCBuildConfiguration section */
		772DBC751F89778D0099558C /* Debug */ = {
			isa = XCBuildConfiguration;
			buildSettings = {
				ALWAYS_SEARCH_USER_PATHS = NO;
				CLANG_ANALYZER_NONNULL = YES;
				CLANG_ANALYZER_NUMBER_OBJECT_CONVERSION = YES_AGGRESSIVE;
				CLANG_CXX_LANGUAGE_STANDARD = "gnu++14";
				CLANG_CXX_LIBRARY = "libc++";
				CLANG_ENABLE_MODULES = YES;
				CLANG_ENABLE_OBJC_ARC = YES;
				CLANG_WARN_BLOCK_CAPTURE_AUTORELEASING = YES;
				CLANG_WARN_BOOL_CONVERSION = YES;
				CLANG_WARN_COMMA = YES;
				CLANG_WARN_CONSTANT_CONVERSION = YES;
				CLANG_WARN_DIRECT_OBJC_ISA_USAGE = YES_ERROR;
				CLANG_WARN_DOCUMENTATION_COMMENTS = YES;
				CLANG_WARN_EMPTY_BODY = YES;
				CLANG_WARN_ENUM_CONVERSION = YES;
				CLANG_WARN_INFINITE_RECURSION = YES;
				CLANG_WARN_INT_CONVERSION = YES;
				CLANG_WARN_NON_LITERAL_NULL_CONVERSION = YES;
				CLANG_WARN_OBJC_LITERAL_CONVERSION = YES;
				CLANG_WARN_OBJC_ROOT_CLASS = YES_ERROR;
				CLANG_WARN_RANGE_LOOP_ANALYSIS = YES;
				CLANG_WARN_STRICT_PROTOTYPES = YES;
				CLANG_WARN_SUSPICIOUS_MOVE = YES;
				CLANG_WARN_UNGUARDED_AVAILABILITY = YES_AGGRESSIVE;
				CLANG_WARN_UNREACHABLE_CODE = YES;
				CLANG_WARN__DUPLICATE_METHOD_MATCH = YES;
				CODE_SIGN_IDENTITY = "iPhone Developer";
				COPY_PHASE_STRIP = NO;
				DEBUG_INFORMATION_FORMAT = dwarf;
				ENABLE_STRICT_OBJC_MSGSEND = YES;
				ENABLE_TESTABILITY = YES;
				GCC_C_LANGUAGE_STANDARD = gnu11;
				GCC_DYNAMIC_NO_PIC = NO;
				GCC_NO_COMMON_BLOCKS = YES;
				GCC_OPTIMIZATION_LEVEL = 0;
				GCC_PREPROCESSOR_DEFINITIONS = (
					"DEBUG=1",
					"$(inherited)",
				);
				GCC_WARN_64_TO_32_BIT_CONVERSION = YES;
				GCC_WARN_ABOUT_RETURN_TYPE = YES_ERROR;
				GCC_WARN_UNDECLARED_SELECTOR = YES;
				GCC_WARN_UNINITIALIZED_AUTOS = YES_AGGRESSIVE;
				GCC_WARN_UNUSED_FUNCTION = YES;
				GCC_WARN_UNUSED_VARIABLE = YES;
				IPHONEOS_DEPLOYMENT_TARGET = 11.0;
				MTL_ENABLE_DEBUG_INFO = YES;
				ONLY_ACTIVE_ARCH = YES;
				SDKROOT = iphoneos;
				SWIFT_ACTIVE_COMPILATION_CONDITIONS = DEBUG;
				SWIFT_OPTIMIZATION_LEVEL = "-Onone";
			};
			name = Debug;
		};
		772DBC761F89778D0099558C /* Release */ = {
			isa = XCBuildConfiguration;
			buildSettings = {
				ALWAYS_SEARCH_USER_PATHS = NO;
				CLANG_ANALYZER_NONNULL = YES;
				CLANG_ANALYZER_NUMBER_OBJECT_CONVERSION = YES_AGGRESSIVE;
				CLANG_CXX_LANGUAGE_STANDARD = "gnu++14";
				CLANG_CXX_LIBRARY = "libc++";
				CLANG_ENABLE_MODULES = YES;
				CLANG_ENABLE_OBJC_ARC = YES;
				CLANG_WARN_BLOCK_CAPTURE_AUTORELEASING = YES;
				CLANG_WARN_BOOL_CONVERSION = YES;
				CLANG_WARN_COMMA = YES;
				CLANG_WARN_CONSTANT_CONVERSION = YES;
				CLANG_WARN_DIRECT_OBJC_ISA_USAGE = YES_ERROR;
				CLANG_WARN_DOCUMENTATION_COMMENTS = YES;
				CLANG_WARN_EMPTY_BODY = YES;
				CLANG_WARN_ENUM_CONVERSION = YES;
				CLANG_WARN_INFINITE_RECURSION = YES;
				CLANG_WARN_INT_CONVERSION = YES;
				CLANG_WARN_NON_LITERAL_NULL_CONVERSION = YES;
				CLANG_WARN_OBJC_LITERAL_CONVERSION = YES;
				CLANG_WARN_OBJC_ROOT_CLASS = YES_ERROR;
				CLANG_WARN_RANGE_LOOP_ANALYSIS = YES;
				CLANG_WARN_STRICT_PROTOTYPES = YES;
				CLANG_WARN_SUSPICIOUS_MOVE = YES;
				CLANG_WARN_UNGUARDED_AVAILABILITY = YES_AGGRESSIVE;
				CLANG_WARN_UNREACHABLE_CODE = YES;
				CLANG_WARN__DUPLICATE_METHOD_MATCH = YES;
				CODE_SIGN_IDENTITY = "iPhone Developer";
				COPY_PHASE_STRIP = NO;
				DEBUG_INFORMATION_FORMAT = "dwarf-with-dsym";
				ENABLE_NS_ASSERTIONS = NO;
				ENABLE_STRICT_OBJC_MSGSEND = YES;
				GCC_C_LANGUAGE_STANDARD = gnu11;
				GCC_NO_COMMON_BLOCKS = YES;
				GCC_WARN_64_TO_32_BIT_CONVERSION = YES;
				GCC_WARN_ABOUT_RETURN_TYPE = YES_ERROR;
				GCC_WARN_UNDECLARED_SELECTOR = YES;
				GCC_WARN_UNINITIALIZED_AUTOS = YES_AGGRESSIVE;
				GCC_WARN_UNUSED_FUNCTION = YES;
				GCC_WARN_UNUSED_VARIABLE = YES;
				IPHONEOS_DEPLOYMENT_TARGET = 11.0;
				MTL_ENABLE_DEBUG_INFO = NO;
				SDKROOT = iphoneos;
				SWIFT_OPTIMIZATION_LEVEL = "-Owholemodule";
				VALIDATE_PRODUCT = YES;
			};
			name = Release;
		};
		772DBC781F89778D0099558C /* Debug */ = {
			isa = XCBuildConfiguration;
			buildSettings = {
				ASSETCATALOG_COMPILER_APPICON_NAME = AppIcon;
				CODE_SIGN_STYLE = Automatic;
				DEVELOPMENT_TEAM = 8GMX3JSSQ7;
				FRAMEWORK_SEARCH_PATHS = (
					"$(inherited)",
					"$(PROJECT_DIR)/Carthage/Build/iOS",
				);
				INFOPLIST_FILE = "Watson-Tomorrow/Info.plist";
				LD_RUNPATH_SEARCH_PATHS = "$(inherited) @executable_path/Frameworks";
				PRODUCT_BUNDLE_IDENTIFIER = "Maklemak.Watson-Tomorrow";
				PRODUCT_NAME = "$(TARGET_NAME)";
				SWIFT_VERSION = 4.0;
				TARGETED_DEVICE_FAMILY = "1,2";
			};
			name = Debug;
		};
		772DBC791F89778D0099558C /* Release */ = {
			isa = XCBuildConfiguration;
			buildSettings = {
				ASSETCATALOG_COMPILER_APPICON_NAME = AppIcon;
				CODE_SIGN_STYLE = Automatic;
				DEVELOPMENT_TEAM = 8GMX3JSSQ7;
				FRAMEWORK_SEARCH_PATHS = (
					"$(inherited)",
					"$(PROJECT_DIR)/Carthage/Build/iOS",
				);
				INFOPLIST_FILE = "Watson-Tomorrow/Info.plist";
				LD_RUNPATH_SEARCH_PATHS = "$(inherited) @executable_path/Frameworks";
				PRODUCT_BUNDLE_IDENTIFIER = "Maklemak.Watson-Tomorrow";
				PRODUCT_NAME = "$(TARGET_NAME)";
				SWIFT_VERSION = 4.0;
				TARGETED_DEVICE_FAMILY = "1,2";
			};
			name = Release;
		};
/* End XCBuildConfiguration section */

/* Begin XCConfigurationList section */
		772DBC601F89778D0099558C /* Build configuration list for PBXProject "Watson-Tomorrow" */ = {
			isa = XCConfigurationList;
			buildConfigurations = (
				772DBC751F89778D0099558C /* Debug */,
				772DBC761F89778D0099558C /* Release */,
			);
			defaultConfigurationIsVisible = 0;
			defaultConfigurationName = Release;
		};
		772DBC771F89778D0099558C /* Build configuration list for PBXNativeTarget "Watson-Tomorrow" */ = {
			isa = XCConfigurationList;
			buildConfigurations = (
				772DBC781F89778D0099558C /* Debug */,
				772DBC791F89778D0099558C /* Release */,
			);
			defaultConfigurationIsVisible = 0;
			defaultConfigurationName = Release;
		};
/* End XCConfigurationList section */
	};
	rootObject = 772DBC5D1F89778D0099558C /* Project object */;
}
